
Microsoft Visual Studio Solution File, Format Version 12.00
# Visual Studio Version 16
VisualStudioVersion = 16.0.29025.244
MinimumVisualStudioVersion = 10.0.40219.1
Project("{FAE04EC0-301F-11D3-BF4B-00C04F79EFBC}") = "ConsoleApp1", "ConsoleApp1\ConsoleApp1.csproj", "{E5CC5740-E4C4-4B89-9798-ABA1B050EC65}"
EndProject
Global
	GlobalSection(SolutionConfigurationPlatforms) = preSolution
		Debug|Any CPU = Debug|Any CPU
		Release|Any CPU = Release|Any CPU
	EndGlobalSection
	GlobalSection(ProjectConfigurationPlatforms) = postSolution
		{E5CC5740-E4C4-4B89-9798-ABA1B050EC65}.Debug|Any CPU.ActiveCfg = Debug|Any CPU
		{E5CC5740-E4C4-4B89-9798-ABA1B050EC65}.Debug|Any CPU.Build.0 = Debug|Any CPU
		{E5CC5740-E4C4-4B89-9798-ABA1B050EC65}.Release|Any CPU.ActiveCfg = Release|Any CPU
		{E5CC5740-E4C4-4B89-9798-ABA1B050EC65}.Release|Any CPU.Build.0 = Release|Any CPU
	EndGlobalSection
	GlobalSection(SolutionProperties) = preSolution
		HideSolutionNode = FALSE
	EndGlobalSection
	GlobalSection(ExtensibilityGlobals) = postSolution
		SolutionGuid = {95D03A5C-9002-4246-AEAB-0CDE62D2E2BC}
	EndGlobalSection
EndGlobal
